{
  "version": 4,
  "terraform_version": "1.7.0",
  "serial": 39,
  "lineage": "1e6922a2-585c-d3d4-f3e9-425cf91a0016",
  "outputs": {},
  "resources": [
    {
      "mode": "data",
      "type": "aws_caller_identity",
      "name": "current",
      "provider": "provider[\"registry.terraform.io/hashicorp/aws\"]",
      "instances": [
        {
          "schema_version": 0,
          "attributes": {
            "account_id": "052028440923",
            "arn": "arn:aws:iam::052028440923:user/terraform_try",
            "id": "052028440923",
            "user_id": "AIDAQYHJDAFN2TWJTIPOH"
          },
          "sensitive_attributes": []
        }
      ]
    },
    {
      "mode": "data",
      "type": "aws_region",
      "name": "current",
      "provider": "provider[\"registry.terraform.io/hashicorp/aws\"]",
      "instances": [
        {
          "schema_version": 0,
          "attributes": {
            "description": "Europe (Ireland)",
            "endpoint": "ec2.eu-west-1.amazonaws.com",
            "id": "eu-west-1",
            "name": "eu-west-1"
          },
          "sensitive_attributes": []
        }
      ]
    },
    {
      "mode": "managed",
      "type": "aws_iam_role",
      "name": "sftp_role",
      "provider": "provider[\"registry.terraform.io/hashicorp/aws\"]",
      "instances": [
        {
          "schema_version": 0,
          "attributes": {
            "arn": "arn:aws:iam::052028440923:role/tf-test-transfer-server-iam-role",
            "assume_role_policy": "{\"Statement\":[{\"Action\":\"sts:AssumeRole\",\"Effect\":\"Allow\",\"Principal\":{\"Service\":\"transfer.amazonaws.com\"}}],\"Version\":\"2012-10-17\"}",
            "create_date": "2024-04-25T06:39:19Z",
            "description": "",
            "force_detach_policies": false,
            "id": "tf-test-transfer-server-iam-role",
            "inline_policy": [],
            "managed_policy_arns": [],
            "max_session_duration": 3600,
            "name": "tf-test-transfer-server-iam-role",
            "name_prefix": "",
            "path": "/",
            "permissions_boundary": "",
            "tags": null,
            "tags_all": {},
            "unique_id": "AROAQYHJDAFNUUAZ7LN7W"
          },
          "sensitive_attributes": [],
          "private": "bnVsbA=="
        }
      ]
    },
    {
      "mode": "managed",
      "type": "aws_iam_role_policy",
      "name": "sftp_policy",
      "provider": "provider[\"registry.terraform.io/hashicorp/aws\"]",
      "instances": [
        {
          "schema_version": 0,
          "attributes": {
            "id": "tf-test-transfer-server-iam-role:tf-test-transfer-server-iam-policy",
            "name": "tf-test-transfer-server-iam-policy",
            "name_prefix": "",
            "policy": "{\"Version\":\"2012-10-17\",\"Statement\":[{\"Action\":[\"s3:ListBucket\",\"s3:GetBucketLocation\"],\"Effect\":\"Allow\",\"Resource\":[\"arn:aws:s3:::governance-sftp-bucket\"]},{\"Action\":[\"s3:PutObject\",\"s3:GetObject\",\"s3:DeleteObject\",\"s3:DeleteObjectVersion\",\"s3:GetObjectVersion\",\"s3:GetObjectACL\",\"s3:PutObjectACL\"],\"Effect\":\"Allow\",\"Resource\":[\"arn:aws:s3:::governance-sftp-bucket/*\"]}]}",
            "role": "tf-test-transfer-server-iam-role"
          },
          "sensitive_attributes": [],
          "private": "bnVsbA==",
          "dependencies": [
            "aws_iam_role.sftp_role"
          ]
        }
      ]
    },
    {
      "mode": "managed",
      "type": "aws_s3_bucket",
      "name": "sftp_bucket",
      "provider": "provider[\"registry.terraform.io/hashicorp/aws\"]",
      "instances": [
        {
          "schema_version": 0,
          "attributes": {
            "acceleration_status": "",
            "acl": null,
            "arn": "arn:aws:s3:::governance-sftp-bucket",
            "bucket": "governance-sftp-bucket",
            "bucket_domain_name": "governance-sftp-bucket.s3.amazonaws.com",
            "bucket_prefix": "",
            "bucket_regional_domain_name": "governance-sftp-bucket.s3.eu-west-1.amazonaws.com",
            "cors_rule": [],
            "force_destroy": false,
            "grant": [
              {
                "id": "d44e80f50d33559eaee0c68daeaf815ca3d783bd6d8c69106ebaf12c3d122d7c",
                "permissions": [
                  "FULL_CONTROL"
                ],
                "type": "CanonicalUser",
                "uri": ""
              }
            ],
            "hosted_zone_id": "Z1BKCTXD74EZPE",
            "id": "governance-sftp-bucket",
            "lifecycle_rule": [],
            "logging": [],
            "object_lock_configuration": [],
            "object_lock_enabled": false,
            "policy": "",
            "region": "eu-west-1",
            "replication_configuration": [],
            "request_payer": "BucketOwner",
            "server_side_encryption_configuration": [
              {
                "rule": [
                  {
                    "apply_server_side_encryption_by_default": [
                      {
                        "kms_master_key_id": "",
                        "sse_algorithm": "AES256"
                      }
                    ],
                    "bucket_key_enabled": false
                  }
                ]
              }
            ],
            "tags": null,
            "tags_all": {},
            "timeouts": null,
            "versioning": [
              {
                "enabled": false,
                "mfa_delete": false
              }
            ],
            "website": [],
            "website_domain": null,
            "website_endpoint": null
          },
          "sensitive_attributes": [],
          "private": "eyJlMmJmYjczMC1lY2FhLTExZTYtOGY4OC0zNDM2M2JjN2M0YzAiOnsiY3JlYXRlIjoxMjAwMDAwMDAwMDAwLCJkZWxldGUiOjM2MDAwMDAwMDAwMDAsInJlYWQiOjEyMDAwMDAwMDAwMDAsInVwZGF0ZSI6MTIwMDAwMDAwMDAwMH19"
        }
      ]
    },
    {
      "mode": "managed",
      "type": "aws_transfer_server",
      "name": "sftp_server",
      "provider": "provider[\"registry.terraform.io/hashicorp/aws\"]",
      "instances": [
        {
          "schema_version": 0,
          "attributes": {
            "arn": "arn:aws:transfer:eu-west-1:052028440923:server/s-f54f74c1136848a5b",
            "certificate": "",
            "directory_id": "",
            "domain": "S3",
            "endpoint": "s-f54f74c1136848a5b.server.transfer.eu-west-1.amazonaws.com",
            "endpoint_details": [],
            "endpoint_type": "PUBLIC",
            "force_destroy": false,
            "function": "",
            "host_key": null,
            "host_key_fingerprint": "SHA256:iNJEHsAmKtsBP7thJ/ZmYAxjmrFfyc6TH+ntpuW6OPw=",
            "id": "s-f54f74c1136848a5b",
            "identity_provider_type": "SERVICE_MANAGED",
            "invocation_role": "",
            "logging_role": "arn:aws:iam::052028440923:role/tf-test-transfer-server-iam-role",
            "post_authentication_login_banner": "",
            "pre_authentication_login_banner": "",
            "protocol_details": [
              {
                "as2_transports": [],
                "passive_ip": "AUTO",
                "set_stat_option": "DEFAULT",
                "tls_session_resumption_mode": "ENFORCED"
              }
            ],
            "protocols": [
              "SFTP"
            ],
            "security_policy_name": "TransferSecurityPolicy-2018-11",
            "structured_log_destinations": null,
            "tags": {
              "Name": "governance_sftp_server"
            },
            "tags_all": {
              "Name": "governance_sftp_server"
            },
            "url": "",
            "workflow_details": []
          },
          "sensitive_attributes": [],
          "private": "bnVsbA==",
          "dependencies": [
            "aws_iam_role.sftp_role"
          ]
        }
      ]
    },
    {
      "mode": "managed",
      "type": "aws_transfer_ssh_key",
      "name": "ssh_key",
      "provider": "provider[\"registry.terraform.io/hashicorp/aws\"]",
      "instances": [
        {
          "schema_version": 0,
          "attributes": {
            "body": "ssh-rsa AAAAB3NzaC1yc2EAAAADAQABAAABgQC/VbA4XEjr/xJ01pFos1fyAjkVl6Z1xAEmbg1nl/TpIGR6pBFMQasqGosSfBn4o76lOVcRVXkB9lD4MhqqltmCWJ9iba7oum8RAMm+Xc8hh0K6muuEOON5FyhN2GhJgUoQRmoW96+Kb/ydd21F80FQwhI0BWb9fcUKOrfxgyhwpT2/z8PBtAe00mU/amLKST5BDminnKL3yuY3KcT+ZnPY5YkezodoctZiIFIXdrhANfHpgAsDT//K4CPlTyjOvDctkcif/y9uNhxQYUz+pFy1m6/l9HS/0uCPosDz90p3QqSmQGbGdkyJ33UAEb+w+m8rJDsZ+kIGLOh3myn48v2b5g+09aWb5iU6MvWIQwPyXetJBQepp1hd45S7eDKDxwT4CiCAwgaGlv71cisHRTOzkMyWYy+0sPbGeMoK66ceQf3sQAaE6Dn79p+gxqrExI3MT0XQ513m8o1MI1KnEpBk/ri1hDpMKgWxSUtk+ZEae4PGeJiTiPvFNA1v02ekr98=\n",
            "id": "s-f54f74c1136848a5b/governance_sftp_user/key-dde12793abc54f94a",
            "server_id": "s-f54f74c1136848a5b",
            "user_name": "governance_sftp_user"
          },
          "sensitive_attributes": [],
          "private": "bnVsbA==",
          "dependencies": [
            "aws_iam_role.sftp_role",
            "aws_s3_bucket.sftp_bucket",
            "aws_transfer_server.sftp_server",
            "aws_transfer_user.sftp_user"
          ]
        }
      ]
    },
    {
      "mode": "managed",
      "type": "aws_transfer_user",
      "name": "sftp_user",
      "provider": "provider[\"registry.terraform.io/hashicorp/aws\"]",
      "instances": [
        {
          "schema_version": 0,
          "attributes": {
            "arn": "arn:aws:transfer:eu-west-1:052028440923:user/s-f54f74c1136848a5b/governance_sftp_user",
            "home_directory": "/governance-sftp-bucket",
            "home_directory_mappings": [],
            "home_directory_type": "PATH",
            "id": "s-f54f74c1136848a5b/governance_sftp_user",
            "policy": "",
            "posix_profile": [],
            "role": "arn:aws:iam::052028440923:role/tf-test-transfer-server-iam-role",
            "server_id": "s-f54f74c1136848a5b",
            "tags": null,
            "tags_all": {},
            "timeouts": null,
            "user_name": "governance_sftp_user"
          },
          "sensitive_attributes": [],
          "private": "eyJlMmJmYjczMC1lY2FhLTExZTYtOGY4OC0zNDM2M2JjN2M0YzAiOnsiZGVsZXRlIjo2MDAwMDAwMDAwMDB9fQ==",
          "dependencies": [
            "aws_iam_role.sftp_role",
            "aws_s3_bucket.sftp_bucket",
            "aws_transfer_server.sftp_server"
          ]
        }
      ]
    }
  ],
  "check_results": null
}
